
Microsoft Visual Studio Solution File, Format Version 12.00
# Visual Studio Version 17
VisualStudioVersion = 17.11.35222.181
MinimumVisualStudioVersion = 10.0.40219.1
Project("{FAE04EC0-301F-11D3-BF4B-00C04F79EFBC}") = "CoursePaper", "CoursePaper.csproj", "{EDADDCA5-E164-4A78-A8BC-21112819803F}"
EndProject
Global
	GlobalSection(SolutionConfigurationPlatforms) = preSolution
		Debug|Any CPU = Debug|Any CPU
		Release|Any CPU = Release|Any CPU
	EndGlobalSection
	GlobalSection(ProjectConfigurationPlatforms) = postSolution
		{EDADDCA5-E164-4A78-A8BC-21112819803F}.Debug|Any CPU.ActiveCfg = Debug|Any CPU
		{EDADDCA5-E164-4A78-A8BC-21112819803F}.Debug|Any CPU.Build.0 = Debug|Any CPU
		{EDADDCA5-E164-4A78-A8BC-21112819803F}.Release|Any CPU.ActiveCfg = Release|Any CPU
		{EDADDCA5-E164-4A78-A8BC-21112819803F}.Release|Any CPU.Build.0 = Release|Any CPU
	EndGlobalSection
	GlobalSection(SolutionProperties) = preSolution
		HideSolutionNode = FALSE
	EndGlobalSection
	GlobalSection(ExtensibilityGlobals) = postSolution
		SolutionGuid = {A1B5CD88-419E-4774-A929-A138E2EDA284}
	EndGlobalSection
EndGlobal
